{
  "nodes": {
    "home-manager": {
      "inputs": {
        "nixpkgs": [
          "nixpkgs"
        ]
      },
      "locked": {
        "lastModified": 1702676849,
        "narHash": "sha256-XqcREaTS38/QOsN8fk8PP325/UXHyF9enbP5ZPw5aiA=",
        "owner": "nix-community",
        "repo": "home-manager",
        "rev": "aa99c2f4e9847cbb7e46fac0844ea1eb164b3b3a",
        "type": "github"
      },
      "original": {
        "owner": "nix-community",
        "ref": "release-23.11",
        "repo": "home-manager",
        "type": "github"
      }
    },
    "nixpkgs": {
      "locked": {
        "lastModified": 1702346276,
        "narHash": "sha256-eAQgwIWApFQ40ipeOjVSoK4TEHVd6nbSd9fApiHIw5A=",
        "owner": "NixOS",
        "repo": "nixpkgs",
        "rev": "cf28ee258fd5f9a52de6b9865cdb93a1f96d09b7",
        "type": "github"
      },
      "original": {
        "owner": "NixOS",
        "ref": "nixos-23.11",
        "repo": "nixpkgs",
        "type": "github"
      }
    },
    "nixpkgs-develop": {
      "locked": {
        "lastModified": 1701366550,
        "narHash": "sha256-G9mITu8Rkyr2oHnRpciV4pAvjTg1WG8ok7kmGQrE7+8=",
        "owner": "ymstnt",
        "repo": "nixpkgs",
        "rev": "9b11307f42bb14d8f3ba50eb8bd80ab7dbbbec9f",
        "type": "github"
      },
      "original": {
        "owner": "ymstnt",
        "repo": "nixpkgs",
        "type": "github"
      }
    },
    "nixpkgs-master": {
      "locked": {
        "lastModified": 1702761558,
        "narHash": "sha256-Cvxdvq9ZKQT4acbuCfHPGWrc5chSTBji1ZGcEW/zyqA=",
        "owner": "NixOS",
        "repo": "nixpkgs",
        "rev": "6ca95ec3ada7039ef28be4681f0313cee024083a",
        "type": "github"
      },
      "original": {
        "owner": "NixOS",
        "ref": "master",
        "repo": "nixpkgs",
        "type": "github"
      }
    },
    "nixpkgs-unstable": {
      "locked": {
        "lastModified": 1702312524,
        "narHash": "sha256-gkZJRDBUCpTPBvQk25G0B7vfbpEYM5s5OZqghkjZsnE=",
        "owner": "NixOS",
        "repo": "nixpkgs",
        "rev": "a9bf124c46ef298113270b1f84a164865987a91c",
        "type": "github"
      },
      "original": {
        "owner": "NixOS",
        "ref": "nixos-unstable",
        "repo": "nixpkgs",
        "type": "github"
      }
    },
    "root": {
      "inputs": {
        "home-manager": "home-manager",
        "nixpkgs": "nixpkgs",
        "nixpkgs-develop": "nixpkgs-develop",
        "nixpkgs-master": "nixpkgs-master",
        "nixpkgs-unstable": "nixpkgs-unstable"
      }
    }
  },
  "root": "root",
  "version": 7
}
